// !$*UTF8*$!
{
	archiveVersion = 1;
	classes = {
	};
	objectVersion = 50;
	objects = {

/* Begin PBXBuildFile section */
		5713F5F626C5FECD0064E201 /* AppDelegate.swift in Sources */ = {isa = PBXBuildFile; fileRef = 5713F5F526C5FECD0064E201 /* AppDelegate.swift */; };
		5713F5F826C5FECD0064E201 /* SceneDelegate.swift in Sources */ = {isa = PBXBuildFile; fileRef = 5713F5F726C5FECD0064E201 /* SceneDelegate.swift */; };
		5713F5FA26C5FECD0064E201 /* RecipeVC.swift in Sources */ = {isa = PBXBuildFile; fileRef = 5713F5F926C5FECD0064E201 /* RecipeVC.swift */; };
		5713F5FD26C5FECD0064E201 /* Main.storyboard in Resources */ = {isa = PBXBuildFile; fileRef = 5713F5FB26C5FECD0064E201 /* Main.storyboard */; };
		5713F5FF26C5FECF0064E201 /* Assets.xcassets in Resources */ = {isa = PBXBuildFile; fileRef = 5713F5FE26C5FECF0064E201 /* Assets.xcassets */; };
		5713F60226C5FECF0064E201 /* LaunchScreen.storyboard in Resources */ = {isa = PBXBuildFile; fileRef = 5713F60026C5FECF0064E201 /* LaunchScreen.storyboard */; };
		5713F60D26C5FECF0064E201 /* RecipeGuideTests.swift in Sources */ = {isa = PBXBuildFile; fileRef = 5713F60C26C5FECF0064E201 /* RecipeGuideTests.swift */; };
		5713F61826C5FECF0064E201 /* RecipeGuideUITests.swift in Sources */ = {isa = PBXBuildFile; fileRef = 5713F61726C5FECF0064E201 /* RecipeGuideUITests.swift */; };
		5713F62626C5FF040064E201 /* Category.swift in Sources */ = {isa = PBXBuildFile; fileRef = 5713F62526C5FF040064E201 /* Category.swift */; };
		5713F62A26C5FF3A0064E201 /* NetworkManager.swift in Sources */ = {isa = PBXBuildFile; fileRef = 5713F62926C5FF3A0064E201 /* NetworkManager.swift */; };
		5713F62E26C60BEE0064E201 /* RecipeCollectionViewCell.swift in Sources */ = {isa = PBXBuildFile; fileRef = 5713F62D26C60BEE0064E201 /* RecipeCollectionViewCell.swift */; };
		5713F63026C617860064E201 /* ImageDownloader.swift in Sources */ = {isa = PBXBuildFile; fileRef = 5713F62F26C617860064E201 /* ImageDownloader.swift */; };
		5713F63426C61E050064E201 /* MealsVC.swift in Sources */ = {isa = PBXBuildFile; fileRef = 5713F63326C61E050064E201 /* MealsVC.swift */; };
		5713F63626C61FB60064E201 /* MealTableViewCell.swift in Sources */ = {isa = PBXBuildFile; fileRef = 5713F63526C61FB60064E201 /* MealTableViewCell.swift */; };
		5713F63826C620240064E201 /* Meals.swift in Sources */ = {isa = PBXBuildFile; fileRef = 5713F63726C620240064E201 /* Meals.swift */; };
		571B899126C8B12C00520A1C /* AlertVC.swift in Sources */ = {isa = PBXBuildFile; fileRef = 571B899026C8B12C00520A1C /* AlertVC.swift */; };
		579602F426C887C100B2E791 /* TitleTableViewCell.swift in Sources */ = {isa = PBXBuildFile; fileRef = 579602F326C887C100B2E791 /* TitleTableViewCell.swift */; };
		57C140D026C6D2B9006D7242 /* MealDetailsVC.swift in Sources */ = {isa = PBXBuildFile; fileRef = 57C140CF26C6D2B9006D7242 /* MealDetailsVC.swift */; };
		57C140D226C6D364006D7242 /* MealDetails.swift in Sources */ = {isa = PBXBuildFile; fileRef = 57C140D126C6D364006D7242 /* MealDetails.swift */; };
/* End PBXBuildFile section */

/* Begin PBXContainerItemProxy section */
		5713F60926C5FECF0064E201 /* PBXContainerItemProxy */ = {
			isa = PBXContainerItemProxy;
			containerPortal = 5713F5EA26C5FECD0064E201 /* Project object */;
			proxyType = 1;
			remoteGlobalIDString = 5713F5F126C5FECD0064E201;
			remoteInfo = RecipeGuide;
		};
		5713F61426C5FECF0064E201 /* PBXContainerItemProxy */ = {
			isa = PBXContainerItemProxy;
			containerPortal = 5713F5EA26C5FECD0064E201 /* Project object */;
			proxyType = 1;
			remoteGlobalIDString = 5713F5F126C5FECD0064E201;
			remoteInfo = RecipeGuide;
		};
/* End PBXContainerItemProxy section */

/* Begin PBXFileReference section */
		5713F5F226C5FECD0064E201 /* RecipeGuide.app */ = {isa = PBXFileReference; explicitFileType = wrapper.application; includeInIndex = 0; path = RecipeGuide.app; sourceTree = BUILT_PRODUCTS_DIR; };
		5713F5F526C5FECD0064E201 /* AppDelegate.swift */ = {isa = PBXFileReference; lastKnownFileType = sourcecode.swift; path = AppDelegate.swift; sourceTree = "<group>"; };
		5713F5F726C5FECD0064E201 /* SceneDelegate.swift */ = {isa = PBXFileReference; lastKnownFileType = sourcecode.swift; path = SceneDelegate.swift; sourceTree = "<group>"; };
		5713F5F926C5FECD0064E201 /* RecipeVC.swift */ = {isa = PBXFileReference; lastKnownFileType = sourcecode.swift; path = RecipeVC.swift; sourceTree = "<group>"; };
		5713F5FC26C5FECD0064E201 /* Base */ = {isa = PBXFileReference; lastKnownFileType = file.storyboard; name = Base; path = Base.lproj/Main.storyboard; sourceTree = "<group>"; };
		5713F5FE26C5FECF0064E201 /* Assets.xcassets */ = {isa = PBXFileReference; lastKnownFileType = folder.assetcatalog; path = Assets.xcassets; sourceTree = "<group>"; };
		5713F60126C5FECF0064E201 /* Base */ = {isa = PBXFileReference; lastKnownFileType = file.storyboard; name = Base; path = Base.lproj/LaunchScreen.storyboard; sourceTree = "<group>"; };
		5713F60326C5FECF0064E201 /* Info.plist */ = {isa = PBXFileReference; lastKnownFileType = text.plist.xml; path = Info.plist; sourceTree = "<group>"; };
		5713F60826C5FECF0064E201 /* RecipeGuideTests.xctest */ = {isa = PBXFileReference; explicitFileType = wrapper.cfbundle; includeInIndex = 0; path = RecipeGuideTests.xctest; sourceTree = BUILT_PRODUCTS_DIR; };
		5713F60C26C5FECF0064E201 /* RecipeGuideTests.swift */ = {isa = PBXFileReference; lastKnownFileType = sourcecode.swift; path = RecipeGuideTests.swift; sourceTree = "<group>"; };
		5713F60E26C5FECF0064E201 /* Info.plist */ = {isa = PBXFileReference; lastKnownFileType = text.plist.xml; path = Info.plist; sourceTree = "<group>"; };
		5713F61326C5FECF0064E201 /* RecipeGuideUITests.xctest */ = {isa = PBXFileReference; explicitFileType = wrapper.cfbundle; includeInIndex = 0; path = RecipeGuideUITests.xctest; sourceTree = BUILT_PRODUCTS_DIR; };
		5713F61726C5FECF0064E201 /* RecipeGuideUITests.swift */ = {isa = PBXFileReference; lastKnownFileType = sourcecode.swift; path = RecipeGuideUITests.swift; sourceTree = "<group>"; };
		5713F61926C5FECF0064E201 /* Info.plist */ = {isa = PBXFileReference; lastKnownFileType = text.plist.xml; path = Info.plist; sourceTree = "<group>"; };
		5713F62526C5FF040064E201 /* Category.swift */ = {isa = PBXFileReference; lastKnownFileType = sourcecode.swift; path = Category.swift; sourceTree = "<group>"; };
		5713F62926C5FF3A0064E201 /* NetworkManager.swift */ = {isa = PBXFileReference; lastKnownFileType = sourcecode.swift; path = NetworkManager.swift; sourceTree = "<group>"; };
		5713F62D26C60BEE0064E201 /* RecipeCollectionViewCell.swift */ = {isa = PBXFileReference; lastKnownFileType = sourcecode.swift; path = RecipeCollectionViewCell.swift; sourceTree = "<group>"; };
		5713F62F26C617860064E201 /* ImageDownloader.swift */ = {isa = PBXFileReference; lastKnownFileType = sourcecode.swift; path = ImageDownloader.swift; sourceTree = "<group>"; };
		5713F63326C61E050064E201 /* MealsVC.swift */ = {isa = PBXFileReference; lastKnownFileType = sourcecode.swift; path = MealsVC.swift; sourceTree = "<group>"; };
		5713F63526C61FB60064E201 /* MealTableViewCell.swift */ = {isa = PBXFileReference; lastKnownFileType = sourcecode.swift; path = MealTableViewCell.swift; sourceTree = "<group>"; };
		5713F63726C620240064E201 /* Meals.swift */ = {isa = PBXFileReference; lastKnownFileType = sourcecode.swift; path = Meals.swift; sourceTree = "<group>"; };
		571B899026C8B12C00520A1C /* AlertVC.swift */ = {isa = PBXFileReference; lastKnownFileType = sourcecode.swift; path = AlertVC.swift; sourceTree = "<group>"; };
		579602F326C887C100B2E791 /* TitleTableViewCell.swift */ = {isa = PBXFileReference; lastKnownFileType = sourcecode.swift; path = TitleTableViewCell.swift; sourceTree = "<group>"; };
		57C140CF26C6D2B9006D7242 /* MealDetailsVC.swift */ = {isa = PBXFileReference; lastKnownFileType = sourcecode.swift; path = MealDetailsVC.swift; sourceTree = "<group>"; };
		57C140D126C6D364006D7242 /* MealDetails.swift */ = {isa = PBXFileReference; lastKnownFileType = sourcecode.swift; path = MealDetails.swift; sourceTree = "<group>"; };
/* End PBXFileReference section */

/* Begin PBXFrameworksBuildPhase section */
		5713F5EF26C5FECD0064E201 /* Frameworks */ = {
			isa = PBXFrameworksBuildPhase;
			buildActionMask = 2147483647;
			files = (
			);
			runOnlyForDeploymentPostprocessing = 0;
		};
		5713F60526C5FECF0064E201 /* Frameworks */ = {
			isa = PBXFrameworksBuildPhase;
			buildActionMask = 2147483647;
			files = (
			);
			runOnlyForDeploymentPostprocessing = 0;
		};
		5713F61026C5FECF0064E201 /* Frameworks */ = {
			isa = PBXFrameworksBuildPhase;
			buildActionMask = 2147483647;
			files = (
			);
			runOnlyForDeploymentPostprocessing = 0;
		};
/* End PBXFrameworksBuildPhase section */

/* Begin PBXGroup section */
		5713F5E926C5FECD0064E201 = {
			isa = PBXGroup;
			children = (
				5713F5F426C5FECD0064E201 /* RecipeGuide */,
				5713F60B26C5FECF0064E201 /* RecipeGuideTests */,
				5713F61626C5FECF0064E201 /* RecipeGuideUITests */,
				5713F5F326C5FECD0064E201 /* Products */,
			);
			sourceTree = "<group>";
		};
		5713F5F326C5FECD0064E201 /* Products */ = {
			isa = PBXGroup;
			children = (
				5713F5F226C5FECD0064E201 /* RecipeGuide.app */,
				5713F60826C5FECF0064E201 /* RecipeGuideTests.xctest */,
				5713F61326C5FECF0064E201 /* RecipeGuideUITests.xctest */,
			);
			name = Products;
			sourceTree = "<group>";
		};
		5713F5F426C5FECD0064E201 /* RecipeGuide */ = {
			isa = PBXGroup;
			children = (
				5713F5F526C5FECD0064E201 /* AppDelegate.swift */,
				5713F5F726C5FECD0064E201 /* SceneDelegate.swift */,
				5713F62B26C608BB0064E201 /* Model */,
				5713F62C26C60A200064E201 /* Controllers */,
				5713F5FB26C5FECD0064E201 /* Main.storyboard */,
				5713F63226C618050064E201 /* Views */,
				5713F5FE26C5FECF0064E201 /* Assets.xcassets */,
				5713F60026C5FECF0064E201 /* LaunchScreen.storyboard */,
				5713F60326C5FECF0064E201 /* Info.plist */,
			);
			path = RecipeGuide;
			sourceTree = "<group>";
		};
		5713F60B26C5FECF0064E201 /* RecipeGuideTests */ = {
			isa = PBXGroup;
			children = (
				5713F60C26C5FECF0064E201 /* RecipeGuideTests.swift */,
				5713F60E26C5FECF0064E201 /* Info.plist */,
			);
			path = RecipeGuideTests;
			sourceTree = "<group>";
		};
		5713F61626C5FECF0064E201 /* RecipeGuideUITests */ = {
			isa = PBXGroup;
			children = (
				5713F61726C5FECF0064E201 /* RecipeGuideUITests.swift */,
				5713F61926C5FECF0064E201 /* Info.plist */,
			);
			path = RecipeGuideUITests;
			sourceTree = "<group>";
		};
		5713F62B26C608BB0064E201 /* Model */ = {
			isa = PBXGroup;
			children = (
				5713F62926C5FF3A0064E201 /* NetworkManager.swift */,
				5713F62526C5FF040064E201 /* Category.swift */,
				5713F63726C620240064E201 /* Meals.swift */,
				57C140D126C6D364006D7242 /* MealDetails.swift */,
				5713F62F26C617860064E201 /* ImageDownloader.swift */,
			);
			path = Model;
			sourceTree = "<group>";
		};
		5713F62C26C60A200064E201 /* Controllers */ = {
			isa = PBXGroup;
			children = (
				571B899026C8B12C00520A1C /* AlertVC.swift */,
				5713F5F926C5FECD0064E201 /* RecipeVC.swift */,
				5713F63326C61E050064E201 /* MealsVC.swift */,
				57C140CF26C6D2B9006D7242 /* MealDetailsVC.swift */,
			);
			path = Controllers;
			sourceTree = "<group>";
		};
		5713F63226C618050064E201 /* Views */ = {
			isa = PBXGroup;
			children = (
				5713F62D26C60BEE0064E201 /* RecipeCollectionViewCell.swift */,
				5713F63526C61FB60064E201 /* MealTableViewCell.swift */,
				579602F326C887C100B2E791 /* TitleTableViewCell.swift */,
			);
			path = Views;
			sourceTree = "<group>";
		};
/* End PBXGroup section */

/* Begin PBXNativeTarget section */
		5713F5F126C5FECD0064E201 /* RecipeGuide */ = {
			isa = PBXNativeTarget;
			buildConfigurationList = 5713F61C26C5FECF0064E201 /* Build configuration list for PBXNativeTarget "RecipeGuide" */;
			buildPhases = (
				5713F5EE26C5FECD0064E201 /* Sources */,
				5713F5EF26C5FECD0064E201 /* Frameworks */,
				5713F5F026C5FECD0064E201 /* Resources */,
			);
			buildRules = (
			);
			dependencies = (
			);
			name = RecipeGuide;
			productName = RecipeGuide;
			productReference = 5713F5F226C5FECD0064E201 /* RecipeGuide.app */;
			productType = "com.apple.product-type.application";
		};
		5713F60726C5FECF0064E201 /* RecipeGuideTests */ = {
			isa = PBXNativeTarget;
			buildConfigurationList = 5713F61F26C5FECF0064E201 /* Build configuration list for PBXNativeTarget "RecipeGuideTests" */;
			buildPhases = (
				5713F60426C5FECF0064E201 /* Sources */,
				5713F60526C5FECF0064E201 /* Frameworks */,
				5713F60626C5FECF0064E201 /* Resources */,
			);
			buildRules = (
			);
			dependencies = (
				5713F60A26C5FECF0064E201 /* PBXTargetDependency */,
			);
			name = RecipeGuideTests;
			productName = RecipeGuideTests;
			productReference = 5713F60826C5FECF0064E201 /* RecipeGuideTests.xctest */;
			productType = "com.apple.product-type.bundle.unit-test";
		};
		5713F61226C5FECF0064E201 /* RecipeGuideUITests */ = {
			isa = PBXNativeTarget;
			buildConfigurationList = 5713F62226C5FECF0064E201 /* Build configuration list for PBXNativeTarget "RecipeGuideUITests" */;
			buildPhases = (
				5713F60F26C5FECF0064E201 /* Sources */,
				5713F61026C5FECF0064E201 /* Frameworks */,
				5713F61126C5FECF0064E201 /* Resources */,
			);
			buildRules = (
			);
			dependencies = (
				5713F61526C5FECF0064E201 /* PBXTargetDependency */,
			);
			name = RecipeGuideUITests;
			productName = RecipeGuideUITests;
			productReference = 5713F61326C5FECF0064E201 /* RecipeGuideUITests.xctest */;
			productType = "com.apple.product-type.bundle.ui-testing";
		};
/* End PBXNativeTarget section */

/* Begin PBXProject section */
		5713F5EA26C5FECD0064E201 /* Project object */ = {
			isa = PBXProject;
			attributes = {
				LastSwiftUpdateCheck = 1250;
				LastUpgradeCheck = 1250;
				TargetAttributes = {
					5713F5F126C5FECD0064E201 = {
						CreatedOnToolsVersion = 12.5.1;
					};
					5713F60726C5FECF0064E201 = {
						CreatedOnToolsVersion = 12.5.1;
						TestTargetID = 5713F5F126C5FECD0064E201;
					};
					5713F61226C5FECF0064E201 = {
						CreatedOnToolsVersion = 12.5.1;
						TestTargetID = 5713F5F126C5FECD0064E201;
					};
				};
			};
			buildConfigurationList = 5713F5ED26C5FECD0064E201 /* Build configuration list for PBXProject "RecipeGuide" */;
			compatibilityVersion = "Xcode 9.3";
			developmentRegion = en;
			hasScannedForEncodings = 0;
			knownRegions = (
				en,
				Base,
			);
			mainGroup = 5713F5E926C5FECD0064E201;
			productRefGroup = 5713F5F326C5FECD0064E201 /* Products */;
			projectDirPath = "";
			projectRoot = "";
			targets = (
				5713F5F126C5FECD0064E201 /* RecipeGuide */,
				5713F60726C5FECF0064E201 /* RecipeGuideTests */,
				5713F61226C5FECF0064E201 /* RecipeGuideUITests */,
			);
		};
/* End PBXProject section */

/* Begin PBXResourcesBuildPhase section */
		5713F5F026C5FECD0064E201 /* Resources */ = {
			isa = PBXResourcesBuildPhase;
			buildActionMask = 2147483647;
			files = (
				5713F60226C5FECF0064E201 /* LaunchScreen.storyboard in Resources */,
				5713F5FF26C5FECF0064E201 /* Assets.xcassets in Resources */,
				5713F5FD26C5FECD0064E201 /* Main.storyboard in Resources */,
			);
			runOnlyForDeploymentPostprocessing = 0;
		};
		5713F60626C5FECF0064E201 /* Resources */ = {
			isa = PBXResourcesBuildPhase;
			buildActionMask = 2147483647;
			files = (
			);
			runOnlyForDeploymentPostprocessing = 0;
		};
		5713F61126C5FECF0064E201 /* Resources */ = {
			isa = PBXResourcesBuildPhase;
			buildActionMask = 2147483647;
			files = (
			);
			runOnlyForDeploymentPostprocessing = 0;
		};
/* End PBXResourcesBuildPhase section */

/* Begin PBXSourcesBuildPhase section */
		5713F5EE26C5FECD0064E201 /* Sources */ = {
			isa = PBXSourcesBuildPhase;
			buildActionMask = 2147483647;
			files = (
				579602F426C887C100B2E791 /* TitleTableViewCell.swift in Sources */,
				5713F63026C617860064E201 /* ImageDownloader.swift in Sources */,
				5713F62A26C5FF3A0064E201 /* NetworkManager.swift in Sources */,
				57C140D226C6D364006D7242 /* MealDetails.swift in Sources */,
				5713F5FA26C5FECD0064E201 /* RecipeVC.swift in Sources */,
				5713F5F626C5FECD0064E201 /* AppDelegate.swift in Sources */,
				5713F63626C61FB60064E201 /* MealTableViewCell.swift in Sources */,
				5713F62E26C60BEE0064E201 /* RecipeCollectionViewCell.swift in Sources */,
				57C140D026C6D2B9006D7242 /* MealDetailsVC.swift in Sources */,
				5713F5F826C5FECD0064E201 /* SceneDelegate.swift in Sources */,
				5713F63426C61E050064E201 /* MealsVC.swift in Sources */,
				5713F63826C620240064E201 /* Meals.swift in Sources */,
				5713F62626C5FF040064E201 /* Category.swift in Sources */,
				571B899126C8B12C00520A1C /* AlertVC.swift in Sources */,
			);
			runOnlyForDeploymentPostprocessing = 0;
		};
		5713F60426C5FECF0064E201 /* Sources */ = {
			isa = PBXSourcesBuildPhase;
			buildActionMask = 2147483647;
			files = (
				5713F60D26C5FECF0064E201 /* RecipeGuideTests.swift in Sources */,
			);
			runOnlyForDeploymentPostprocessing = 0;
		};
		5713F60F26C5FECF0064E201 /* Sources */ = {
			isa = PBXSourcesBuildPhase;
			buildActionMask = 2147483647;
			files = (
				5713F61826C5FECF0064E201 /* RecipeGuideUITests.swift in Sources */,
			);
			runOnlyForDeploymentPostprocessing = 0;
		};
/* End PBXSourcesBuildPhase section */

/* Begin PBXTargetDependency section */
		5713F60A26C5FECF0064E201 /* PBXTargetDependency */ = {
			isa = PBXTargetDependency;
			target = 5713F5F126C5FECD0064E201 /* RecipeGuide */;
			targetProxy = 5713F60926C5FECF0064E201 /* PBXContainerItemProxy */;
		};
		5713F61526C5FECF0064E201 /* PBXTargetDependency */ = {
			isa = PBXTargetDependency;
			target = 5713F5F126C5FECD0064E201 /* RecipeGuide */;
			targetProxy = 5713F61426C5FECF0064E201 /* PBXContainerItemProxy */;
		};
/* End PBXTargetDependency section */

/* Begin PBXVariantGroup section */
		5713F5FB26C5FECD0064E201 /* Main.storyboard */ = {
			isa = PBXVariantGroup;
			children = (
				5713F5FC26C5FECD0064E201 /* Base */,
			);
			name = Main.storyboard;
			sourceTree = "<group>";
		};
		5713F60026C5FECF0064E201 /* LaunchScreen.storyboard */ = {
			isa = PBXVariantGroup;
			children = (
				5713F60126C5FECF0064E201 /* Base */,
			);
			name = LaunchScreen.storyboard;
			sourceTree = "<group>";
		};
/* End PBXVariantGroup section */

/* Begin XCBuildConfiguration section */
		5713F61A26C5FECF0064E201 /* Debug */ = {
			isa = XCBuildConfiguration;
			buildSettings = {
				ALWAYS_SEARCH_USER_PATHS = NO;
				CLANG_ANALYZER_NONNULL = YES;
				CLANG_ANALYZER_NUMBER_OBJECT_CONVERSION = YES_AGGRESSIVE;
				CLANG_CXX_LANGUAGE_STANDARD = "gnu++14";
				CLANG_CXX_LIBRARY = "libc++";
				CLANG_ENABLE_MODULES = YES;
				CLANG_ENABLE_OBJC_ARC = YES;
				CLANG_ENABLE_OBJC_WEAK = YES;
				CLANG_WARN_BLOCK_CAPTURE_AUTORELEASING = YES;
				CLANG_WARN_BOOL_CONVERSION = YES;
				CLANG_WARN_COMMA = YES;
				CLANG_WARN_CONSTANT_CONVERSION = YES;
				CLANG_WARN_DEPRECATED_OBJC_IMPLEMENTATIONS = YES;
				CLANG_WARN_DIRECT_OBJC_ISA_USAGE = YES_ERROR;
				CLANG_WARN_DOCUMENTATION_COMMENTS = YES;
				CLANG_WARN_EMPTY_BODY = YES;
				CLANG_WARN_ENUM_CONVERSION = YES;
				CLANG_WARN_INFINITE_RECURSION = YES;
				CLANG_WARN_INT_CONVERSION = YES;
				CLANG_WARN_NON_LITERAL_NULL_CONVERSION = YES;
				CLANG_WARN_OBJC_IMPLICIT_RETAIN_SELF = YES;
				CLANG_WARN_OBJC_LITERAL_CONVERSION = YES;
				CLANG_WARN_OBJC_ROOT_CLASS = YES_ERROR;
				CLANG_WARN_QUOTED_INCLUDE_IN_FRAMEWORK_HEADER = YES;
				CLANG_WARN_RANGE_LOOP_ANALYSIS = YES;
				CLANG_WARN_STRICT_PROTOTYPES = YES;
				CLANG_WARN_SUSPICIOUS_MOVE = YES;
				CLANG_WARN_UNGUARDED_AVAILABILITY = YES_AGGRESSIVE;
				CLANG_WARN_UNREACHABLE_CODE = YES;
				CLANG_WARN__DUPLICATE_METHOD_MATCH = YES;
				COPY_PHASE_STRIP = NO;
				DEBUG_INFORMATION_FORMAT = dwarf;
				ENABLE_STRICT_OBJC_MSGSEND = YES;
				ENABLE_TESTABILITY = YES;
				GCC_C_LANGUAGE_STANDARD = gnu11;
				GCC_DYNAMIC_NO_PIC = NO;
				GCC_NO_COMMON_BLOCKS = YES;
				GCC_OPTIMIZATION_LEVEL = 0;
				GCC_PREPROCESSOR_DEFINITIONS = (
					"DEBUG=1",
					"$(inherited)",
				);
				GCC_WARN_64_TO_32_BIT_CONVERSION = YES;
				GCC_WARN_ABOUT_RETURN_TYPE = YES_ERROR;
				GCC_WARN_UNDECLARED_SELECTOR = YES;
				GCC_WARN_UNINITIALIZED_AUTOS = YES_AGGRESSIVE;
				GCC_WARN_UNUSED_FUNCTION = YES;
				GCC_WARN_UNUSED_VARIABLE = YES;
				IPHONEOS_DEPLOYMENT_TARGET = 14.5;
				MTL_ENABLE_DEBUG_INFO = INCLUDE_SOURCE;
				MTL_FAST_MATH = YES;
				ONLY_ACTIVE_ARCH = YES;
				SDKROOT = iphoneos;
				SWIFT_ACTIVE_COMPILATION_CONDITIONS = DEBUG;
				SWIFT_OPTIMIZATION_LEVEL = "-Onone";
			};
			name = Debug;
		};
		5713F61B26C5FECF0064E201 /* Release */ = {
			isa = XCBuildConfiguration;
			buildSettings = {
				ALWAYS_SEARCH_USER_PATHS = NO;
				CLANG_ANALYZER_NONNULL = YES;
				CLANG_ANALYZER_NUMBER_OBJECT_CONVERSION = YES_AGGRESSIVE;
				CLANG_CXX_LANGUAGE_STANDARD = "gnu++14";
				CLANG_CXX_LIBRARY = "libc++";
				CLANG_ENABLE_MODULES = YES;
				CLANG_ENABLE_OBJC_ARC = YES;
				CLANG_ENABLE_OBJC_WEAK = YES;
				CLANG_WARN_BLOCK_CAPTURE_AUTORELEASING = YES;
				CLANG_WARN_BOOL_CONVERSION = YES;
				CLANG_WARN_COMMA = YES;
				CLANG_WARN_CONSTANT_CONVERSION = YES;
				CLANG_WARN_DEPRECATED_OBJC_IMPLEMENTATIONS = YES;
				CLANG_WARN_DIRECT_OBJC_ISA_USAGE = YES_ERROR;
				CLANG_WARN_DOCUMENTATION_COMMENTS = YES;
				CLANG_WARN_EMPTY_BODY = YES;
				CLANG_WARN_ENUM_CONVERSION = YES;
				CLANG_WARN_INFINITE_RECURSION = YES;
				CLANG_WARN_INT_CONVERSION = YES;
				CLANG_WARN_NON_LITERAL_NULL_CONVERSION = YES;
				CLANG_WARN_OBJC_IMPLICIT_RETAIN_SELF = YES;
				CLANG_WARN_OBJC_LITERAL_CONVERSION = YES;
				CLANG_WARN_OBJC_ROOT_CLASS = YES_ERROR;
				CLANG_WARN_QUOTED_INCLUDE_IN_FRAMEWORK_HEADER = YES;
				CLANG_WARN_RANGE_LOOP_ANALYSIS = YES;
				CLANG_WARN_STRICT_PROTOTYPES = YES;
				CLANG_WARN_SUSPICIOUS_MOVE = YES;
				CLANG_WARN_UNGUARDED_AVAILABILITY = YES_AGGRESSIVE;
				CLANG_WARN_UNREACHABLE_CODE = YES;
				CLANG_WARN__DUPLICATE_METHOD_MATCH = YES;
				COPY_PHASE_STRIP = NO;
				DEBUG_INFORMATION_FORMAT = "dwarf-with-dsym";
				ENABLE_NS_ASSERTIONS = NO;
				ENABLE_STRICT_OBJC_MSGSEND = YES;
				GCC_C_LANGUAGE_STANDARD = gnu11;
				GCC_NO_COMMON_BLOCKS = YES;
				GCC_WARN_64_TO_32_BIT_CONVERSION = YES;
				GCC_WARN_ABOUT_RETURN_TYPE = YES_ERROR;
				GCC_WARN_UNDECLARED_SELECTOR = YES;
				GCC_WARN_UNINITIALIZED_AUTOS = YES_AGGRESSIVE;
				GCC_WARN_UNUSED_FUNCTION = YES;
				GCC_WARN_UNUSED_VARIABLE = YES;
				IPHONEOS_DEPLOYMENT_TARGET = 14.5;
				MTL_ENABLE_DEBUG_INFO = NO;
				MTL_FAST_MATH = YES;
				SDKROOT = iphoneos;
				SWIFT_COMPILATION_MODE = wholemodule;
				SWIFT_OPTIMIZATION_LEVEL = "-O";
				VALIDATE_PRODUCT = YES;
			};
			name = Release;
		};
		5713F61D26C5FECF0064E201 /* Debug */ = {
			isa = XCBuildConfiguration;
			buildSettings = {
				ASSETCATALOG_COMPILER_APPICON_NAME = AppIcon;
				ASSETCATALOG_COMPILER_GLOBAL_ACCENT_COLOR_NAME = AccentColor;
				CODE_SIGN_STYLE = Automatic;
				DEVELOPMENT_TEAM = XP8B6WBPCD;
				INFOPLIST_FILE = RecipeGuide/Info.plist;
				LD_RUNPATH_SEARCH_PATHS = (
					"$(inherited)",
					"@executable_path/Frameworks",
				);
				PRODUCT_BUNDLE_IDENTIFIER = "N-A.RecipeGuide";
				PRODUCT_NAME = "$(TARGET_NAME)";
				SWIFT_VERSION = 5.0;
				TARGETED_DEVICE_FAMILY = "1,2";
			};
			name = Debug;
		};
		5713F61E26C5FECF0064E201 /* Release */ = {
			isa = XCBuildConfiguration;
			buildSettings = {
				ASSETCATALOG_COMPILER_APPICON_NAME = AppIcon;
				ASSETCATALOG_COMPILER_GLOBAL_ACCENT_COLOR_NAME = AccentColor;
				CODE_SIGN_STYLE = Automatic;
				DEVELOPMENT_TEAM = XP8B6WBPCD;
				INFOPLIST_FILE = RecipeGuide/Info.plist;
				LD_RUNPATH_SEARCH_PATHS = (
					"$(inherited)",
					"@executable_path/Frameworks",
				);
				PRODUCT_BUNDLE_IDENTIFIER = "N-A.RecipeGuide";
				PRODUCT_NAME = "$(TARGET_NAME)";
				SWIFT_VERSION = 5.0;
				TARGETED_DEVICE_FAMILY = "1,2";
			};
			name = Release;
		};
		5713F62026C5FECF0064E201 /* Debug */ = {
			isa = XCBuildConfiguration;
			buildSettings = {
				ALWAYS_EMBED_SWIFT_STANDARD_LIBRARIES = YES;
				BUNDLE_LOADER = "$(TEST_HOST)";
				CODE_SIGN_STYLE = Automatic;
				DEVELOPMENT_TEAM = XP8B6WBPCD;
				INFOPLIST_FILE = RecipeGuideTests/Info.plist;
				IPHONEOS_DEPLOYMENT_TARGET = 14.5;
				LD_RUNPATH_SEARCH_PATHS = (
					"$(inherited)",
					"@executable_path/Frameworks",
					"@loader_path/Frameworks",
				);
				PRODUCT_BUNDLE_IDENTIFIER = "N-A.RecipeGuideTests";
				PRODUCT_NAME = "$(TARGET_NAME)";
				SWIFT_VERSION = 5.0;
				TARGETED_DEVICE_FAMILY = "1,2";
				TEST_HOST = "$(BUILT_PRODUCTS_DIR)/RecipeGuide.app/RecipeGuide";
			};
			name = Debug;
		};
		5713F62126C5FECF0064E201 /* Release */ = {
			isa = XCBuildConfiguration;
			buildSettings = {
				ALWAYS_EMBED_SWIFT_STANDARD_LIBRARIES = YES;
				BUNDLE_LOADER = "$(TEST_HOST)";
				CODE_SIGN_STYLE = Automatic;
				DEVELOPMENT_TEAM = XP8B6WBPCD;
				INFOPLIST_FILE = RecipeGuideTests/Info.plist;
				IPHONEOS_DEPLOYMENT_TARGET = 14.5;
				LD_RUNPATH_SEARCH_PATHS = (
					"$(inherited)",
					"@executable_path/Frameworks",
					"@loader_path/Frameworks",
				);
				PRODUCT_BUNDLE_IDENTIFIER = "N-A.RecipeGuideTests";
				PRODUCT_NAME = "$(TARGET_NAME)";
				SWIFT_VERSION = 5.0;
				TARGETED_DEVICE_FAMILY = "1,2";
				TEST_HOST = "$(BUILT_PRODUCTS_DIR)/RecipeGuide.app/RecipeGuide";
			};
			name = Release;
		};
		5713F62326C5FECF0064E201 /* Debug */ = {
			isa = XCBuildConfiguration;
			buildSettings = {
				ALWAYS_EMBED_SWIFT_STANDARD_LIBRARIES = YES;
				CODE_SIGN_STYLE = Automatic;
				DEVELOPMENT_TEAM = XP8B6WBPCD;
				INFOPLIST_FILE = RecipeGuideUITests/Info.plist;
				LD_RUNPATH_SEARCH_PATHS = (
					"$(inherited)",
					"@executable_path/Frameworks",
					"@loader_path/Frameworks",
				);
				PRODUCT_BUNDLE_IDENTIFIER = "N-A.RecipeGuideUITests";
				PRODUCT_NAME = "$(TARGET_NAME)";
				SWIFT_VERSION = 5.0;
				TARGETED_DEVICE_FAMILY = "1,2";
				TEST_TARGET_NAME = RecipeGuide;
			};
			name = Debug;
		};
		5713F62426C5FECF0064E201 /* Release */ = {
			isa = XCBuildConfiguration;
			buildSettings = {
				ALWAYS_EMBED_SWIFT_STANDARD_LIBRARIES = YES;
				CODE_SIGN_STYLE = Automatic;
				DEVELOPMENT_TEAM = XP8B6WBPCD;
				INFOPLIST_FILE = RecipeGuideUITests/Info.plist;
				LD_RUNPATH_SEARCH_PATHS = (
					"$(inherited)",
					"@executable_path/Frameworks",
					"@loader_path/Frameworks",
				);
				PRODUCT_BUNDLE_IDENTIFIER = "N-A.RecipeGuideUITests";
				PRODUCT_NAME = "$(TARGET_NAME)";
				SWIFT_VERSION = 5.0;
				TARGETED_DEVICE_FAMILY = "1,2";
				TEST_TARGET_NAME = RecipeGuide;
			};
			name = Release;
		};
/* End XCBuildConfiguration section */

/* Begin XCConfigurationList section */
		5713F5ED26C5FECD0064E201 /* Build configuration list for PBXProject "RecipeGuide" */ = {
			isa = XCConfigurationList;
			buildConfigurations = (
				5713F61A26C5FECF0064E201 /* Debug */,
				5713F61B26C5FECF0064E201 /* Release */,
			);
			defaultConfigurationIsVisible = 0;
			defaultConfigurationName = Release;
		};
		5713F61C26C5FECF0064E201 /* Build configuration list for PBXNativeTarget "RecipeGuide" */ = {
			isa = XCConfigurationList;
			buildConfigurations = (
				5713F61D26C5FECF0064E201 /* Debug */,
				5713F61E26C5FECF0064E201 /* Release */,
			);
			defaultConfigurationIsVisible = 0;
			defaultConfigurationName = Release;
		};
		5713F61F26C5FECF0064E201 /* Build configuration list for PBXNativeTarget "RecipeGuideTests" */ = {
			isa = XCConfigurationList;
			buildConfigurations = (
				5713F62026C5FECF0064E201 /* Debug */,
				5713F62126C5FECF0064E201 /* Release */,
			);
			defaultConfigurationIsVisible = 0;
			defaultConfigurationName = Release;
		};
		5713F62226C5FECF0064E201 /* Build configuration list for PBXNativeTarget "RecipeGuideUITests" */ = {
			isa = XCConfigurationList;
			buildConfigurations = (
				5713F62326C5FECF0064E201 /* Debug */,
				5713F62426C5FECF0064E201 /* Release */,
			);
			defaultConfigurationIsVisible = 0;
			defaultConfigurationName = Release;
		};
/* End XCConfigurationList section */
	};
	rootObject = 5713F5EA26C5FECD0064E201 /* Project object */;
}
